
Microsoft Visual Studio Solution File, Format Version 12.00
# Visual Studio Version 17
VisualStudioVersion = 17.13.35931.197 d17.13
MinimumVisualStudioVersion = 10.0.40219.1
Project("{FAE04EC0-301F-11D3-BF4B-00C04F79EFBC}") = "LinkedLists", "LinkedLists.csproj", "{4FDC4991-1023-4238-9F8C-7E55E69ECD59}"
EndProject
Global
	GlobalSection(SolutionConfigurationPlatforms) = preSolution
		Debug|Any CPU = Debug|Any CPU
		Release|Any CPU = Release|Any CPU
	EndGlobalSection
	GlobalSection(ProjectConfigurationPlatforms) = postSolution
		{4FDC4991-1023-4238-9F8C-7E55E69ECD59}.Debug|Any CPU.ActiveCfg = Debug|Any CPU
		{4FDC4991-1023-4238-9F8C-7E55E69ECD59}.Debug|Any CPU.Build.0 = Debug|Any CPU
		{4FDC4991-1023-4238-9F8C-7E55E69ECD59}.Release|Any CPU.ActiveCfg = Release|Any CPU
		{4FDC4991-1023-4238-9F8C-7E55E69ECD59}.Release|Any CPU.Build.0 = Release|Any CPU
	EndGlobalSection
	GlobalSection(SolutionProperties) = preSolution
		HideSolutionNode = FALSE
	EndGlobalSection
	GlobalSection(ExtensibilityGlobals) = postSolution
		SolutionGuid = {A8D73415-B660-44E5-9FEE-EA71739883E5}
	EndGlobalSection
EndGlobal
